{
    "_readme": [
        "This file locks the dependencies of your project to a known state",
        "Read more about it at https://getcomposer.org/doc/01-basic-usage.md#installing-dependencies",
        "This file is @generated automatically"
    ],
    "content-hash": "f11f5a2a16826882525dfc960426bc15",
    "packages": [
        {
            "name": "bagooon/chatease-php-client",
            "version": "v0.1.1",
            "source": {
                "type": "git",
                "url": "https://github.com/bagooon/chatease-php-client.git",
                "reference": "a3099060d1d04eb2fc02318491dd15b884b4c7ce"
            },
            "dist": {
                "type": "zip",
                "url": "https://api.github.com/repos/bagooon/chatease-php-client/zipball/a3099060d1d04eb2fc02318491dd15b884b4c7ce",
                "reference": "a3099060d1d04eb2fc02318491dd15b884b4c7ce",
                "shasum": ""
            },
            "require": {
                "ext-curl": "*",
                "ext-json": "*",
                "php": "^8.1"
            },
            "require-dev": {
                "phpstan/phpstan": "^2.1",
                "phpunit/phpunit": "^10.5.63"
            },
            "type": "library",
            "autoload": {
                "psr-4": {
                    "Bagooon\\ChatEase\\": "src/"
                }
            },
            "notification-url": "https://packagist.org/downloads/",
            "license": [
                "MIT"
            ],
            "description": "PHP client for ChatEase board API (server-side only)",
            "support": {
                "issues": "https://github.com/bagooon/chatease-php-client/issues",
                "source": "https://github.com/bagooon/chatease-php-client/tree/v0.1.1"
            },
            "time": "2026-02-26T18:22:50+00:00"
        }
    ],
    "packages-dev": [],
    "aliases": [],
    "minimum-stability": "stable",
    "stability-flags": {},
    "prefer-stable": false,
    "prefer-lowest": false,
    "platform": {},
    "platform-dev": {},
    "plugin-api-version": "2.9.0"
}
